
Microsoft Visual Studio Solution File, Format Version 12.00
# Visual Studio Version 17
VisualStudioVersion = 17.1.32228.430
MinimumVisualStudioVersion = 10.0.40219.1
Project("{FAE04EC0-301F-11D3-BF4B-00C04F79EFBC}") = "Calculadora_de_frequencia2", "Calculadora_de_frequencia2.csproj", "{F04504DD-E2DF-4192-A03E-8C7EA90FB585}"
EndProject
Global
	GlobalSection(SolutionConfigurationPlatforms) = preSolution
		Debug|Any CPU = Debug|Any CPU
		Release|Any CPU = Release|Any CPU
	EndGlobalSection
	GlobalSection(ProjectConfigurationPlatforms) = postSolution
		{F04504DD-E2DF-4192-A03E-8C7EA90FB585}.Debug|Any CPU.ActiveCfg = Debug|Any CPU
		{F04504DD-E2DF-4192-A03E-8C7EA90FB585}.Debug|Any CPU.Build.0 = Debug|Any CPU
		{F04504DD-E2DF-4192-A03E-8C7EA90FB585}.Release|Any CPU.ActiveCfg = Release|Any CPU
		{F04504DD-E2DF-4192-A03E-8C7EA90FB585}.Release|Any CPU.Build.0 = Release|Any CPU
	EndGlobalSection
	GlobalSection(SolutionProperties) = preSolution
		HideSolutionNode = FALSE
	EndGlobalSection
	GlobalSection(ExtensibilityGlobals) = postSolution
		SolutionGuid = {278CC9CC-97AD-4499-93BB-02E50394C8E3}
	EndGlobalSection
EndGlobal
